
Microsoft Visual Studio Solution File, Format Version 12.00
# Visual Studio Version 16
VisualStudioVersion = 16.0.29521.150
MinimumVisualStudioVersion = 15.0.26124.0
Project("{2150E333-8FDC-42A3-9474-1A3956D46DE8}") = "src", "src", "{D0A40D44-2DA3-4618-88CE-827BE9A33F5D}"
EndProject
Project("{9A19103F-16F7-4668-BE54-9A1E7A4F7556}") = "DIVerify", "src\DIVerify\DIVerify.csproj", "{BF81FBB0-BE27-4893-BD1D-7F983DC42C79}"
EndProject
Project("{2150E333-8FDC-42A3-9474-1A3956D46DE8}") = "test", "test", "{37FBE1CC-9D8D-4429-9FAE-2B9FFF7D73D9}"
EndProject
Project("{FAE04EC0-301F-11D3-BF4B-00C04F79EFBC}") = "DIVerify.UnitTests", "test\DIVerify.UnitTests\DIVerify.UnitTests.csproj", "{0225FB83-8138-47C9-9A7E-C702DDEEA522}"
EndProject
Project("{FAE04EC0-301F-11D3-BF4B-00C04F79EFBC}") = "Sample.AspNetCore.Api", "test\Sample.AspNetCore.Api\Sample.AspNetCore.Api.csproj", "{58D320EC-DFBE-4691-A867-BE5A231AE648}"
EndProject
Global
	GlobalSection(SolutionConfigurationPlatforms) = preSolution
		Debug|Any CPU = Debug|Any CPU
		Debug|x64 = Debug|x64
		Debug|x86 = Debug|x86
		Release|Any CPU = Release|Any CPU
		Release|x64 = Release|x64
		Release|x86 = Release|x86
	EndGlobalSection
	GlobalSection(ProjectConfigurationPlatforms) = postSolution
		{BF81FBB0-BE27-4893-BD1D-7F983DC42C79}.Debug|Any CPU.ActiveCfg = Debug|Any CPU
		{BF81FBB0-BE27-4893-BD1D-7F983DC42C79}.Debug|Any CPU.Build.0 = Debug|Any CPU
		{BF81FBB0-BE27-4893-BD1D-7F983DC42C79}.Debug|x64.ActiveCfg = Debug|Any CPU
		{BF81FBB0-BE27-4893-BD1D-7F983DC42C79}.Debug|x64.Build.0 = Debug|Any CPU
		{BF81FBB0-BE27-4893-BD1D-7F983DC42C79}.Debug|x86.ActiveCfg = Debug|Any CPU
		{BF81FBB0-BE27-4893-BD1D-7F983DC42C79}.Debug|x86.Build.0 = Debug|Any CPU
		{BF81FBB0-BE27-4893-BD1D-7F983DC42C79}.Release|Any CPU.ActiveCfg = Release|Any CPU
		{BF81FBB0-BE27-4893-BD1D-7F983DC42C79}.Release|Any CPU.Build.0 = Release|Any CPU
		{BF81FBB0-BE27-4893-BD1D-7F983DC42C79}.Release|x64.ActiveCfg = Release|Any CPU
		{BF81FBB0-BE27-4893-BD1D-7F983DC42C79}.Release|x64.Build.0 = Release|Any CPU
		{BF81FBB0-BE27-4893-BD1D-7F983DC42C79}.Release|x86.ActiveCfg = Release|Any CPU
		{BF81FBB0-BE27-4893-BD1D-7F983DC42C79}.Release|x86.Build.0 = Release|Any CPU
		{0225FB83-8138-47C9-9A7E-C702DDEEA522}.Debug|Any CPU.ActiveCfg = Debug|Any CPU
		{0225FB83-8138-47C9-9A7E-C702DDEEA522}.Debug|Any CPU.Build.0 = Debug|Any CPU
		{0225FB83-8138-47C9-9A7E-C702DDEEA522}.Debug|x64.ActiveCfg = Debug|Any CPU
		{0225FB83-8138-47C9-9A7E-C702DDEEA522}.Debug|x64.Build.0 = Debug|Any CPU
		{0225FB83-8138-47C9-9A7E-C702DDEEA522}.Debug|x86.ActiveCfg = Debug|Any CPU
		{0225FB83-8138-47C9-9A7E-C702DDEEA522}.Debug|x86.Build.0 = Debug|Any CPU
		{0225FB83-8138-47C9-9A7E-C702DDEEA522}.Release|Any CPU.ActiveCfg = Release|Any CPU
		{0225FB83-8138-47C9-9A7E-C702DDEEA522}.Release|Any CPU.Build.0 = Release|Any CPU
		{0225FB83-8138-47C9-9A7E-C702DDEEA522}.Release|x64.ActiveCfg = Release|Any CPU
		{0225FB83-8138-47C9-9A7E-C702DDEEA522}.Release|x64.Build.0 = Release|Any CPU
		{0225FB83-8138-47C9-9A7E-C702DDEEA522}.Release|x86.ActiveCfg = Release|Any CPU
		{0225FB83-8138-47C9-9A7E-C702DDEEA522}.Release|x86.Build.0 = Release|Any CPU
		{58D320EC-DFBE-4691-A867-BE5A231AE648}.Debug|Any CPU.ActiveCfg = Debug|Any CPU
		{58D320EC-DFBE-4691-A867-BE5A231AE648}.Debug|Any CPU.Build.0 = Debug|Any CPU
		{58D320EC-DFBE-4691-A867-BE5A231AE648}.Debug|x64.ActiveCfg = Debug|Any CPU
		{58D320EC-DFBE-4691-A867-BE5A231AE648}.Debug|x64.Build.0 = Debug|Any CPU
		{58D320EC-DFBE-4691-A867-BE5A231AE648}.Debug|x86.ActiveCfg = Debug|Any CPU
		{58D320EC-DFBE-4691-A867-BE5A231AE648}.Debug|x86.Build.0 = Debug|Any CPU
		{58D320EC-DFBE-4691-A867-BE5A231AE648}.Release|Any CPU.ActiveCfg = Release|Any CPU
		{58D320EC-DFBE-4691-A867-BE5A231AE648}.Release|Any CPU.Build.0 = Release|Any CPU
		{58D320EC-DFBE-4691-A867-BE5A231AE648}.Release|x64.ActiveCfg = Release|Any CPU
		{58D320EC-DFBE-4691-A867-BE5A231AE648}.Release|x64.Build.0 = Release|Any CPU
		{58D320EC-DFBE-4691-A867-BE5A231AE648}.Release|x86.ActiveCfg = Release|Any CPU
		{58D320EC-DFBE-4691-A867-BE5A231AE648}.Release|x86.Build.0 = Release|Any CPU
	EndGlobalSection
	GlobalSection(SolutionProperties) = preSolution
		HideSolutionNode = FALSE
	EndGlobalSection
	GlobalSection(NestedProjects) = preSolution
		{BF81FBB0-BE27-4893-BD1D-7F983DC42C79} = {D0A40D44-2DA3-4618-88CE-827BE9A33F5D}
		{0225FB83-8138-47C9-9A7E-C702DDEEA522} = {37FBE1CC-9D8D-4429-9FAE-2B9FFF7D73D9}
		{58D320EC-DFBE-4691-A867-BE5A231AE648} = {37FBE1CC-9D8D-4429-9FAE-2B9FFF7D73D9}
	EndGlobalSection
	GlobalSection(ExtensibilityGlobals) = postSolution
		SolutionGuid = {005657EA-57A5-4703-B180-30EFE372EE39}
	EndGlobalSection
EndGlobal
